
Microsoft Visual Studio Solution File, Format Version 12.00
# Visual Studio Version 17
VisualStudioVersion = 17.10.34607.79
MinimumVisualStudioVersion = 10.0.40219.1
Project("{FAE04EC0-301F-11D3-BF4B-00C04F79EFBC}") = "PlayZoneApp", "PlayZoneApp.csproj", "{45C5FF13-F7A8-477E-A34A-9A680B5B2D13}"
EndProject
Global
	GlobalSection(SolutionConfigurationPlatforms) = preSolution
		Debug|Any CPU = Debug|Any CPU
		Release|Any CPU = Release|Any CPU
	EndGlobalSection
	GlobalSection(ProjectConfigurationPlatforms) = postSolution
		{45C5FF13-F7A8-477E-A34A-9A680B5B2D13}.Debug|Any CPU.ActiveCfg = Debug|Any CPU
		{45C5FF13-F7A8-477E-A34A-9A680B5B2D13}.Debug|Any CPU.Build.0 = Debug|Any CPU
		{45C5FF13-F7A8-477E-A34A-9A680B5B2D13}.Release|Any CPU.ActiveCfg = Release|Any CPU
		{45C5FF13-F7A8-477E-A34A-9A680B5B2D13}.Release|Any CPU.Build.0 = Release|Any CPU
	EndGlobalSection
	GlobalSection(SolutionProperties) = preSolution
		HideSolutionNode = FALSE
	EndGlobalSection
	GlobalSection(ExtensibilityGlobals) = postSolution
		SolutionGuid = {44DDD006-EF3A-4022-88E5-29AC72F8388F}
	EndGlobalSection
EndGlobal
